// !$*UTF8*$!
{
	archiveVersion = 1;
	classes = {
	};
	objectVersion = 56;
	objects = {

/* Begin PBXBuildFile section */
		FA3333BF29536DF100822646 /* Layout.swift in Sources */ = {isa = PBXBuildFile; fileRef = FA3333BE29536DF100822646 /* Layout.swift */; };
		FA4D4F8B2957235700D8021B /* ExtensionCard.swift in Sources */ = {isa = PBXBuildFile; fileRef = FA4D4F8A2957235700D8021B /* ExtensionCard.swift */; };
		FA4D4F8D295723D500D8021B /* ExtensionModel.swift in Sources */ = {isa = PBXBuildFile; fileRef = FA4D4F8C295723D500D8021B /* ExtensionModel.swift */; };
		FA4D4F8F2957AD2600D8021B /* ApiRepository.swift in Sources */ = {isa = PBXBuildFile; fileRef = FA4D4F8E2957AD2600D8021B /* ApiRepository.swift */; };
		FA57A9D92958F9E9009FC09E /* ExtensionsRepository.swift in Sources */ = {isa = PBXBuildFile; fileRef = FA57A9D82958F9E9009FC09E /* ExtensionsRepository.swift */; };
		FA57A9DB295904D5009FC09E /* ExtensionsList.swift in Sources */ = {isa = PBXBuildFile; fileRef = FA57A9DA295904D5009FC09E /* ExtensionsList.swift */; };
		FA5DB1BD29509E0700F85E06 /* AddProfileView.swift in Sources */ = {isa = PBXBuildFile; fileRef = FA5DB1BC29509E0700F85E06 /* AddProfileView.swift */; };
		FA5DB1BF29522BF800F85E06 /* ProfilesRepository.swift in Sources */ = {isa = PBXBuildFile; fileRef = FA5DB1BE29522BF800F85E06 /* ProfilesRepository.swift */; };
		FA90F400294CBC10005CC567 /* VSCode_Profile_ManagerApp.swift in Sources */ = {isa = PBXBuildFile; fileRef = FA90F3FF294CBC10005CC567 /* VSCode_Profile_ManagerApp.swift */; };
		FA90F402294CBC10005CC567 /* ContentView.swift in Sources */ = {isa = PBXBuildFile; fileRef = FA90F401294CBC10005CC567 /* ContentView.swift */; };
		FA90F404294CBC12005CC567 /* Assets.xcassets in Resources */ = {isa = PBXBuildFile; fileRef = FA90F403294CBC12005CC567 /* Assets.xcassets */; };
		FA90F407294CBC12005CC567 /* Preview Assets.xcassets in Resources */ = {isa = PBXBuildFile; fileRef = FA90F406294CBC12005CC567 /* Preview Assets.xcassets */; };
		FA90F410294CBC70005CC567 /* SwiftDate in Frameworks */ = {isa = PBXBuildFile; productRef = FA90F40F294CBC70005CC567 /* SwiftDate */; };
		FA90F413294CBC8A005CC567 /* AnyCodable in Frameworks */ = {isa = PBXBuildFile; productRef = FA90F412294CBC8A005CC567 /* AnyCodable */; };
		FA90F416294CBD6E005CC567 /* BlurWindow.swift in Sources */ = {isa = PBXBuildFile; fileRef = FA90F415294CBD6E005CC567 /* BlurWindow.swift */; };
		FA90F41D294CC3ED005CC567 /* TabButton.swift in Sources */ = {isa = PBXBuildFile; fileRef = FA90F41C294CC3ED005CC567 /* TabButton.swift */; };
		FA90F41F294CC934005CC567 /* ProfilesView.swift in Sources */ = {isa = PBXBuildFile; fileRef = FA90F41E294CC934005CC567 /* ProfilesView.swift */; };
		FA90F421294CFA75005CC567 /* ExtensionsView.swift in Sources */ = {isa = PBXBuildFile; fileRef = FA90F420294CFA75005CC567 /* ExtensionsView.swift */; };
		FA90F423294CFA92005CC567 /* SettingsView.swift in Sources */ = {isa = PBXBuildFile; fileRef = FA90F422294CFA92005CC567 /* SettingsView.swift */; };
		FA90F427294CFC56005CC567 /* Card.swift in Sources */ = {isa = PBXBuildFile; fileRef = FA90F426294CFC56005CC567 /* Card.swift */; };
		FA90F435294D026B005CC567 /* FileKit in Frameworks */ = {isa = PBXBuildFile; productRef = FA90F434294D026B005CC567 /* FileKit */; };
		FA90F43E294D26CE005CC567 /* Services.swift in Sources */ = {isa = PBXBuildFile; fileRef = FA90F43D294D26CE005CC567 /* Services.swift */; };
		FA90F441294D361C005CC567 /* DoubleExtensions.swift in Sources */ = {isa = PBXBuildFile; fileRef = FA90F440294D361C005CC567 /* DoubleExtensions.swift */; };
		FA90F443294D3637005CC567 /* UIntExtensions.swift in Sources */ = {isa = PBXBuildFile; fileRef = FA90F442294D3637005CC567 /* UIntExtensions.swift */; };
		FAF2638B294FC84700242D14 /* ProfileModel.swift in Sources */ = {isa = PBXBuildFile; fileRef = FAF2638A294FC84700242D14 /* ProfileModel.swift */; };
		FAF2638E294FCB8800242D14 /* SQLite in Frameworks */ = {isa = PBXBuildFile; productRef = FAF2638D294FCB8800242D14 /* SQLite */; };
		FAF26390294FCE2B00242D14 /* DatabaseRepository.swift in Sources */ = {isa = PBXBuildFile; fileRef = FAF2638F294FCE2B00242D14 /* DatabaseRepository.swift */; };
		FAF2639229508A1D00242D14 /* CacheRepository.swift in Sources */ = {isa = PBXBuildFile; fileRef = FAF2639129508A1D00242D14 /* CacheRepository.swift */; };
		FAF263942950949300242D14 /* ProfileCard.swift in Sources */ = {isa = PBXBuildFile; fileRef = FAF263932950949300242D14 /* ProfileCard.swift */; };
/* End PBXBuildFile section */

/* Begin PBXFileReference section */
		FA3333BE29536DF100822646 /* Layout.swift */ = {isa = PBXFileReference; lastKnownFileType = sourcecode.swift; path = Layout.swift; sourceTree = "<group>"; };
		FA4D4F8A2957235700D8021B /* ExtensionCard.swift */ = {isa = PBXFileReference; lastKnownFileType = sourcecode.swift; path = ExtensionCard.swift; sourceTree = "<group>"; };
		FA4D4F8C295723D500D8021B /* ExtensionModel.swift */ = {isa = PBXFileReference; lastKnownFileType = sourcecode.swift; path = ExtensionModel.swift; sourceTree = "<group>"; };
		FA4D4F8E2957AD2600D8021B /* ApiRepository.swift */ = {isa = PBXFileReference; lastKnownFileType = sourcecode.swift; path = ApiRepository.swift; sourceTree = "<group>"; };
		FA57A9D82958F9E9009FC09E /* ExtensionsRepository.swift */ = {isa = PBXFileReference; lastKnownFileType = sourcecode.swift; path = ExtensionsRepository.swift; sourceTree = "<group>"; };
		FA57A9DA295904D5009FC09E /* ExtensionsList.swift */ = {isa = PBXFileReference; lastKnownFileType = sourcecode.swift; path = ExtensionsList.swift; sourceTree = "<group>"; };
		FA5DB1BC29509E0700F85E06 /* AddProfileView.swift */ = {isa = PBXFileReference; lastKnownFileType = sourcecode.swift; path = AddProfileView.swift; sourceTree = "<group>"; };
		FA5DB1BE29522BF800F85E06 /* ProfilesRepository.swift */ = {isa = PBXFileReference; lastKnownFileType = sourcecode.swift; path = ProfilesRepository.swift; sourceTree = "<group>"; };
		FA90F3FC294CBC10005CC567 /* VSCode Profile Manager.app */ = {isa = PBXFileReference; explicitFileType = wrapper.application; includeInIndex = 0; path = "VSCode Profile Manager.app"; sourceTree = BUILT_PRODUCTS_DIR; };
		FA90F3FF294CBC10005CC567 /* VSCode_Profile_ManagerApp.swift */ = {isa = PBXFileReference; lastKnownFileType = sourcecode.swift; path = VSCode_Profile_ManagerApp.swift; sourceTree = "<group>"; };
		FA90F401294CBC10005CC567 /* ContentView.swift */ = {isa = PBXFileReference; lastKnownFileType = sourcecode.swift; path = ContentView.swift; sourceTree = "<group>"; };
		FA90F403294CBC12005CC567 /* Assets.xcassets */ = {isa = PBXFileReference; lastKnownFileType = folder.assetcatalog; path = Assets.xcassets; sourceTree = "<group>"; };
		FA90F406294CBC12005CC567 /* Preview Assets.xcassets */ = {isa = PBXFileReference; lastKnownFileType = folder.assetcatalog; path = "Preview Assets.xcassets"; sourceTree = "<group>"; };
		FA90F408294CBC12005CC567 /* VSCode_Profile_Manager.entitlements */ = {isa = PBXFileReference; lastKnownFileType = text.plist.entitlements; path = VSCode_Profile_Manager.entitlements; sourceTree = "<group>"; };
		FA90F415294CBD6E005CC567 /* BlurWindow.swift */ = {isa = PBXFileReference; lastKnownFileType = sourcecode.swift; path = BlurWindow.swift; sourceTree = "<group>"; };
		FA90F41C294CC3ED005CC567 /* TabButton.swift */ = {isa = PBXFileReference; lastKnownFileType = sourcecode.swift; path = TabButton.swift; sourceTree = "<group>"; };
		FA90F41E294CC934005CC567 /* ProfilesView.swift */ = {isa = PBXFileReference; lastKnownFileType = sourcecode.swift; path = ProfilesView.swift; sourceTree = "<group>"; };
		FA90F420294CFA75005CC567 /* ExtensionsView.swift */ = {isa = PBXFileReference; lastKnownFileType = sourcecode.swift; path = ExtensionsView.swift; sourceTree = "<group>"; };
		FA90F422294CFA92005CC567 /* SettingsView.swift */ = {isa = PBXFileReference; lastKnownFileType = sourcecode.swift; path = SettingsView.swift; sourceTree = "<group>"; };
		FA90F426294CFC56005CC567 /* Card.swift */ = {isa = PBXFileReference; lastKnownFileType = sourcecode.swift; path = Card.swift; sourceTree = "<group>"; };
		FA90F43D294D26CE005CC567 /* Services.swift */ = {isa = PBXFileReference; lastKnownFileType = sourcecode.swift; path = Services.swift; sourceTree = "<group>"; };
		FA90F440294D361C005CC567 /* DoubleExtensions.swift */ = {isa = PBXFileReference; lastKnownFileType = sourcecode.swift; path = DoubleExtensions.swift; sourceTree = "<group>"; };
		FA90F442294D3637005CC567 /* UIntExtensions.swift */ = {isa = PBXFileReference; lastKnownFileType = sourcecode.swift; path = UIntExtensions.swift; sourceTree = "<group>"; };
		FA91C84C294F3A87001092B9 /* README.md */ = {isa = PBXFileReference; lastKnownFileType = net.daringfireball.markdown; path = README.md; sourceTree = "<group>"; };
		FAF2638A294FC84700242D14 /* ProfileModel.swift */ = {isa = PBXFileReference; lastKnownFileType = sourcecode.swift; path = ProfileModel.swift; sourceTree = "<group>"; };
		FAF2638F294FCE2B00242D14 /* DatabaseRepository.swift */ = {isa = PBXFileReference; lastKnownFileType = sourcecode.swift; path = DatabaseRepository.swift; sourceTree = "<group>"; };
		FAF2639129508A1D00242D14 /* CacheRepository.swift */ = {isa = PBXFileReference; lastKnownFileType = sourcecode.swift; path = CacheRepository.swift; sourceTree = "<group>"; };
		FAF263932950949300242D14 /* ProfileCard.swift */ = {isa = PBXFileReference; lastKnownFileType = sourcecode.swift; path = ProfileCard.swift; sourceTree = "<group>"; };
/* End PBXFileReference section */

/* Begin PBXFrameworksBuildPhase section */
		FA90F3F9294CBC10005CC567 /* Frameworks */ = {
			isa = PBXFrameworksBuildPhase;
			buildActionMask = 2147483647;
			files = (
				FAF2638E294FCB8800242D14 /* SQLite in Frameworks */,
				FA90F435294D026B005CC567 /* FileKit in Frameworks */,
				FA90F413294CBC8A005CC567 /* AnyCodable in Frameworks */,
				FA90F410294CBC70005CC567 /* SwiftDate in Frameworks */,
			);
			runOnlyForDeploymentPostprocessing = 0;
		};
/* End PBXFrameworksBuildPhase section */

/* Begin PBXGroup section */
		FA90F3F3294CBC10005CC567 = {
			isa = PBXGroup;
			children = (
				FA91C84C294F3A87001092B9 /* README.md */,
				FA90F3FE294CBC10005CC567 /* VSCode Profile Manager */,
				FA90F3FD294CBC10005CC567 /* Products */,
			);
			sourceTree = "<group>";
		};
		FA90F3FD294CBC10005CC567 /* Products */ = {
			isa = PBXGroup;
			children = (
				FA90F3FC294CBC10005CC567 /* VSCode Profile Manager.app */,
			);
			name = Products;
			sourceTree = "<group>";
		};
		FA90F3FE294CBC10005CC567 /* VSCode Profile Manager */ = {
			isa = PBXGroup;
			children = (
				FA90F43F294D3603005CC567 /* Extensions */,
				FA90F414294CBD55005CC567 /* Components */,
				FA90F419294CC1E5005CC567 /* Models */,
				FA90F418294CC1E0005CC567 /* Services */,
				FA90F417294CC1D9005CC567 /* Views */,
				FA90F3FF294CBC10005CC567 /* VSCode_Profile_ManagerApp.swift */,
				FA90F401294CBC10005CC567 /* ContentView.swift */,
				FA90F403294CBC12005CC567 /* Assets.xcassets */,
				FA90F408294CBC12005CC567 /* VSCode_Profile_Manager.entitlements */,
				FA90F405294CBC12005CC567 /* Preview Content */,
			);
			path = "VSCode Profile Manager";
			sourceTree = "<group>";
		};
		FA90F405294CBC12005CC567 /* Preview Content */ = {
			isa = PBXGroup;
			children = (
				FA90F406294CBC12005CC567 /* Preview Assets.xcassets */,
			);
			path = "Preview Content";
			sourceTree = "<group>";
		};
		FA90F414294CBD55005CC567 /* Components */ = {
			isa = PBXGroup;
			children = (
				FA90F415294CBD6E005CC567 /* BlurWindow.swift */,
				FA90F41C294CC3ED005CC567 /* TabButton.swift */,
				FA90F426294CFC56005CC567 /* Card.swift */,
				FAF263932950949300242D14 /* ProfileCard.swift */,
				FA3333BE29536DF100822646 /* Layout.swift */,
				FA4D4F8A2957235700D8021B /* ExtensionCard.swift */,
				FA57A9DA295904D5009FC09E /* ExtensionsList.swift */,
			);
			path = Components;
			sourceTree = "<group>";
		};
		FA90F417294CC1D9005CC567 /* Views */ = {
			isa = PBXGroup;
			children = (
				FA90F41E294CC934005CC567 /* ProfilesView.swift */,
				FA90F420294CFA75005CC567 /* ExtensionsView.swift */,
				FA90F422294CFA92005CC567 /* SettingsView.swift */,
				FA5DB1BC29509E0700F85E06 /* AddProfileView.swift */,
			);
			path = Views;
			sourceTree = "<group>";
		};
		FA90F418294CC1E0005CC567 /* Services */ = {
			isa = PBXGroup;
			children = (
				FA90F43D294D26CE005CC567 /* Services.swift */,
				FAF2638F294FCE2B00242D14 /* DatabaseRepository.swift */,
				FAF2639129508A1D00242D14 /* CacheRepository.swift */,
				FA5DB1BE29522BF800F85E06 /* ProfilesRepository.swift */,
				FA4D4F8E2957AD2600D8021B /* ApiRepository.swift */,
				FA57A9D82958F9E9009FC09E /* ExtensionsRepository.swift */,
			);
			path = Services;
			sourceTree = "<group>";
		};
		FA90F419294CC1E5005CC567 /* Models */ = {
			isa = PBXGroup;
			children = (
				FAF2638A294FC84700242D14 /* ProfileModel.swift */,
				FA4D4F8C295723D500D8021B /* ExtensionModel.swift */,
			);
			path = Models;
			sourceTree = "<group>";
		};
		FA90F43F294D3603005CC567 /* Extensions */ = {
			isa = PBXGroup;
			children = (
				FA90F440294D361C005CC567 /* DoubleExtensions.swift */,
				FA90F442294D3637005CC567 /* UIntExtensions.swift */,
			);
			path = Extensions;
			sourceTree = "<group>";
		};
/* End PBXGroup section */

/* Begin PBXNativeTarget section */
		FA90F3FB294CBC10005CC567 /* VSCode Profile Manager */ = {
			isa = PBXNativeTarget;
			buildConfigurationList = FA90F40B294CBC12005CC567 /* Build configuration list for PBXNativeTarget "VSCode Profile Manager" */;
			buildPhases = (
				FA90F3F8294CBC10005CC567 /* Sources */,
				FA90F3F9294CBC10005CC567 /* Frameworks */,
				FA90F3FA294CBC10005CC567 /* Resources */,
			);
			buildRules = (
			);
			dependencies = (
			);
			name = "VSCode Profile Manager";
			packageProductDependencies = (
				FA90F40F294CBC70005CC567 /* SwiftDate */,
				FA90F412294CBC8A005CC567 /* AnyCodable */,
				FA90F434294D026B005CC567 /* FileKit */,
				FAF2638D294FCB8800242D14 /* SQLite */,
			);
			productName = "VSCode Profile Manager";
			productReference = FA90F3FC294CBC10005CC567 /* VSCode Profile Manager.app */;
			productType = "com.apple.product-type.application";
		};
/* End PBXNativeTarget section */

/* Begin PBXProject section */
		FA90F3F4294CBC10005CC567 /* Project object */ = {
			isa = PBXProject;
			attributes = {
				BuildIndependentTargetsInParallel = 1;
				LastSwiftUpdateCheck = 1410;
				LastUpgradeCheck = 1410;
				TargetAttributes = {
					FA90F3FB294CBC10005CC567 = {
						CreatedOnToolsVersion = 14.1;
					};
				};
			};
			buildConfigurationList = FA90F3F7294CBC10005CC567 /* Build configuration list for PBXProject "VSCode Profile Manager" */;
			compatibilityVersion = "Xcode 14.0";
			developmentRegion = en;
			hasScannedForEncodings = 0;
			knownRegions = (
				en,
				Base,
			);
			mainGroup = FA90F3F3294CBC10005CC567;
			packageReferences = (
				FA90F40E294CBC70005CC567 /* XCRemoteSwiftPackageReference "SwiftDate" */,
				FA90F411294CBC8A005CC567 /* XCRemoteSwiftPackageReference "AnyCodable" */,
				FA90F433294D026B005CC567 /* XCRemoteSwiftPackageReference "FileKit" */,
				FAF2638C294FCB8800242D14 /* XCRemoteSwiftPackageReference "SQLite" */,
			);
			productRefGroup = FA90F3FD294CBC10005CC567 /* Products */;
			projectDirPath = "";
			projectRoot = "";
			targets = (
				FA90F3FB294CBC10005CC567 /* VSCode Profile Manager */,
			);
		};
/* End PBXProject section */

/* Begin PBXResourcesBuildPhase section */
		FA90F3FA294CBC10005CC567 /* Resources */ = {
			isa = PBXResourcesBuildPhase;
			buildActionMask = 2147483647;
			files = (
				FA90F407294CBC12005CC567 /* Preview Assets.xcassets in Resources */,
				FA90F404294CBC12005CC567 /* Assets.xcassets in Resources */,
			);
			runOnlyForDeploymentPostprocessing = 0;
		};
/* End PBXResourcesBuildPhase section */

/* Begin PBXSourcesBuildPhase section */
		FA90F3F8294CBC10005CC567 /* Sources */ = {
			isa = PBXSourcesBuildPhase;
			buildActionMask = 2147483647;
			files = (
				FA5DB1BF29522BF800F85E06 /* ProfilesRepository.swift in Sources */,
				FA90F402294CBC10005CC567 /* ContentView.swift in Sources */,
				FA4D4F8B2957235700D8021B /* ExtensionCard.swift in Sources */,
				FA90F43E294D26CE005CC567 /* Services.swift in Sources */,
				FAF2638B294FC84700242D14 /* ProfileModel.swift in Sources */,
				FA4D4F8D295723D500D8021B /* ExtensionModel.swift in Sources */,
				FA57A9D92958F9E9009FC09E /* ExtensionsRepository.swift in Sources */,
				FA90F423294CFA92005CC567 /* SettingsView.swift in Sources */,
				FA4D4F8F2957AD2600D8021B /* ApiRepository.swift in Sources */,
				FA90F416294CBD6E005CC567 /* BlurWindow.swift in Sources */,
				FA57A9DB295904D5009FC09E /* ExtensionsList.swift in Sources */,
				FA3333BF29536DF100822646 /* Layout.swift in Sources */,
				FA90F41D294CC3ED005CC567 /* TabButton.swift in Sources */,
				FAF26390294FCE2B00242D14 /* DatabaseRepository.swift in Sources */,
				FA5DB1BD29509E0700F85E06 /* AddProfileView.swift in Sources */,
				FA90F443294D3637005CC567 /* UIntExtensions.swift in Sources */,
				FA90F41F294CC934005CC567 /* ProfilesView.swift in Sources */,
				FAF2639229508A1D00242D14 /* CacheRepository.swift in Sources */,
				FA90F427294CFC56005CC567 /* Card.swift in Sources */,
				FA90F441294D361C005CC567 /* DoubleExtensions.swift in Sources */,
				FA90F400294CBC10005CC567 /* VSCode_Profile_ManagerApp.swift in Sources */,
				FAF263942950949300242D14 /* ProfileCard.swift in Sources */,
				FA90F421294CFA75005CC567 /* ExtensionsView.swift in Sources */,
			);
			runOnlyForDeploymentPostprocessing = 0;
		};
/* End PBXSourcesBuildPhase section */

/* Begin XCBuildConfiguration section */
		FA90F409294CBC12005CC567 /* Debug */ = {
			isa = XCBuildConfiguration;
			buildSettings = {
				ALWAYS_SEARCH_USER_PATHS = NO;
				CLANG_ANALYZER_NONNULL = YES;
				CLANG_ANALYZER_NUMBER_OBJECT_CONVERSION = YES_AGGRESSIVE;
				CLANG_CXX_LANGUAGE_STANDARD = "gnu++20";
				CLANG_ENABLE_MODULES = YES;
				CLANG_ENABLE_OBJC_ARC = YES;
				CLANG_ENABLE_OBJC_WEAK = YES;
				CLANG_WARN_BLOCK_CAPTURE_AUTORELEASING = YES;
				CLANG_WARN_BOOL_CONVERSION = YES;
				CLANG_WARN_COMMA = YES;
				CLANG_WARN_CONSTANT_CONVERSION = YES;
				CLANG_WARN_DEPRECATED_OBJC_IMPLEMENTATIONS = YES;
				CLANG_WARN_DIRECT_OBJC_ISA_USAGE = YES_ERROR;
				CLANG_WARN_DOCUMENTATION_COMMENTS = YES;
				CLANG_WARN_EMPTY_BODY = YES;
				CLANG_WARN_ENUM_CONVERSION = YES;
				CLANG_WARN_INFINITE_RECURSION = YES;
				CLANG_WARN_INT_CONVERSION = YES;
				CLANG_WARN_NON_LITERAL_NULL_CONVERSION = YES;
				CLANG_WARN_OBJC_IMPLICIT_RETAIN_SELF = YES;
				CLANG_WARN_OBJC_LITERAL_CONVERSION = YES;
				CLANG_WARN_OBJC_ROOT_CLASS = YES_ERROR;
				CLANG_WARN_QUOTED_INCLUDE_IN_FRAMEWORK_HEADER = YES;
				CLANG_WARN_RANGE_LOOP_ANALYSIS = YES;
				CLANG_WARN_STRICT_PROTOTYPES = YES;
				CLANG_WARN_SUSPICIOUS_MOVE = YES;
				CLANG_WARN_UNGUARDED_AVAILABILITY = YES_AGGRESSIVE;
				CLANG_WARN_UNREACHABLE_CODE = YES;
				CLANG_WARN__DUPLICATE_METHOD_MATCH = YES;
				COPY_PHASE_STRIP = NO;
				DEBUG_INFORMATION_FORMAT = dwarf;
				ENABLE_STRICT_OBJC_MSGSEND = YES;
				ENABLE_TESTABILITY = YES;
				GCC_C_LANGUAGE_STANDARD = gnu11;
				GCC_DYNAMIC_NO_PIC = NO;
				GCC_NO_COMMON_BLOCKS = YES;
				GCC_OPTIMIZATION_LEVEL = 0;
				GCC_PREPROCESSOR_DEFINITIONS = (
					"DEBUG=1",
					"$(inherited)",
				);
				GCC_WARN_64_TO_32_BIT_CONVERSION = YES;
				GCC_WARN_ABOUT_RETURN_TYPE = YES_ERROR;
				GCC_WARN_UNDECLARED_SELECTOR = YES;
				GCC_WARN_UNINITIALIZED_AUTOS = YES_AGGRESSIVE;
				GCC_WARN_UNUSED_FUNCTION = YES;
				GCC_WARN_UNUSED_VARIABLE = YES;
				INFOPLIST_KEY_LSUIElement = YES;
				MACOSX_DEPLOYMENT_TARGET = 13.0;
				MTL_ENABLE_DEBUG_INFO = INCLUDE_SOURCE;
				MTL_FAST_MATH = YES;
				ONLY_ACTIVE_ARCH = YES;
				SDKROOT = macosx;
				SWIFT_ACTIVE_COMPILATION_CONDITIONS = DEBUG;
				SWIFT_OPTIMIZATION_LEVEL = "-Onone";
			};
			name = Debug;
		};
		FA90F40A294CBC12005CC567 /* Release */ = {
			isa = XCBuildConfiguration;
			buildSettings = {
				ALWAYS_SEARCH_USER_PATHS = NO;
				CLANG_ANALYZER_NONNULL = YES;
				CLANG_ANALYZER_NUMBER_OBJECT_CONVERSION = YES_AGGRESSIVE;
				CLANG_CXX_LANGUAGE_STANDARD = "gnu++20";
				CLANG_ENABLE_MODULES = YES;
				CLANG_ENABLE_OBJC_ARC = YES;
				CLANG_ENABLE_OBJC_WEAK = YES;
				CLANG_WARN_BLOCK_CAPTURE_AUTORELEASING = YES;
				CLANG_WARN_BOOL_CONVERSION = YES;
				CLANG_WARN_COMMA = YES;
				CLANG_WARN_CONSTANT_CONVERSION = YES;
				CLANG_WARN_DEPRECATED_OBJC_IMPLEMENTATIONS = YES;
				CLANG_WARN_DIRECT_OBJC_ISA_USAGE = YES_ERROR;
				CLANG_WARN_DOCUMENTATION_COMMENTS = YES;
				CLANG_WARN_EMPTY_BODY = YES;
				CLANG_WARN_ENUM_CONVERSION = YES;
				CLANG_WARN_INFINITE_RECURSION = YES;
				CLANG_WARN_INT_CONVERSION = YES;
				CLANG_WARN_NON_LITERAL_NULL_CONVERSION = YES;
				CLANG_WARN_OBJC_IMPLICIT_RETAIN_SELF = YES;
				CLANG_WARN_OBJC_LITERAL_CONVERSION = YES;
				CLANG_WARN_OBJC_ROOT_CLASS = YES_ERROR;
				CLANG_WARN_QUOTED_INCLUDE_IN_FRAMEWORK_HEADER = YES;
				CLANG_WARN_RANGE_LOOP_ANALYSIS = YES;
				CLANG_WARN_STRICT_PROTOTYPES = YES;
				CLANG_WARN_SUSPICIOUS_MOVE = YES;
				CLANG_WARN_UNGUARDED_AVAILABILITY = YES_AGGRESSIVE;
				CLANG_WARN_UNREACHABLE_CODE = YES;
				CLANG_WARN__DUPLICATE_METHOD_MATCH = YES;
				COPY_PHASE_STRIP = NO;
				DEBUG_INFORMATION_FORMAT = "dwarf-with-dsym";
				ENABLE_NS_ASSERTIONS = NO;
				ENABLE_STRICT_OBJC_MSGSEND = YES;
				GCC_C_LANGUAGE_STANDARD = gnu11;
				GCC_NO_COMMON_BLOCKS = YES;
				GCC_WARN_64_TO_32_BIT_CONVERSION = YES;
				GCC_WARN_ABOUT_RETURN_TYPE = YES_ERROR;
				GCC_WARN_UNDECLARED_SELECTOR = YES;
				GCC_WARN_UNINITIALIZED_AUTOS = YES_AGGRESSIVE;
				GCC_WARN_UNUSED_FUNCTION = YES;
				GCC_WARN_UNUSED_VARIABLE = YES;
				INFOPLIST_KEY_LSUIElement = YES;
				MACOSX_DEPLOYMENT_TARGET = 13.0;
				MTL_ENABLE_DEBUG_INFO = NO;
				MTL_FAST_MATH = YES;
				SDKROOT = macosx;
				SWIFT_COMPILATION_MODE = wholemodule;
				SWIFT_OPTIMIZATION_LEVEL = "-O";
			};
			name = Release;
		};
		FA90F40C294CBC12005CC567 /* Debug */ = {
			isa = XCBuildConfiguration;
			buildSettings = {
				ASSETCATALOG_COMPILER_APPICON_NAME = AppIcon;
				ASSETCATALOG_COMPILER_GLOBAL_ACCENT_COLOR_NAME = AccentColor;
				CODE_SIGN_ENTITLEMENTS = "VSCode Profile Manager/VSCode_Profile_Manager.entitlements";
				CODE_SIGN_STYLE = Automatic;
				COMBINE_HIDPI_IMAGES = YES;
				CURRENT_PROJECT_VERSION = 1;
				DEVELOPMENT_ASSET_PATHS = "\"VSCode Profile Manager/Preview Content\"";
				DEVELOPMENT_TEAM = TMSPCS784V;
				ENABLE_HARDENED_RUNTIME = YES;
				ENABLE_PREVIEWS = YES;
				GENERATE_INFOPLIST_FILE = YES;
				INFOPLIST_KEY_NSHumanReadableCopyright = "";
				LD_RUNPATH_SEARCH_PATHS = (
					"$(inherited)",
					"@executable_path/../Frameworks",
				);
				MARKETING_VERSION = 1.0;
				PRODUCT_BUNDLE_IDENTIFIER = "dev.xeraph.VSCode-Profile-Manager";
				PRODUCT_NAME = "$(TARGET_NAME)";
				SWIFT_EMIT_LOC_STRINGS = YES;
				SWIFT_VERSION = 5.0;
			};
			name = Debug;
		};
		FA90F40D294CBC12005CC567 /* Release */ = {
			isa = XCBuildConfiguration;
			buildSettings = {
				ASSETCATALOG_COMPILER_APPICON_NAME = AppIcon;
				ASSETCATALOG_COMPILER_GLOBAL_ACCENT_COLOR_NAME = AccentColor;
				CODE_SIGN_ENTITLEMENTS = "VSCode Profile Manager/VSCode_Profile_Manager.entitlements";
				CODE_SIGN_STYLE = Automatic;
				COMBINE_HIDPI_IMAGES = YES;
				CURRENT_PROJECT_VERSION = 1;
				DEVELOPMENT_ASSET_PATHS = "\"VSCode Profile Manager/Preview Content\"";
				DEVELOPMENT_TEAM = TMSPCS784V;
				ENABLE_HARDENED_RUNTIME = YES;
				ENABLE_PREVIEWS = YES;
				GENERATE_INFOPLIST_FILE = YES;
				INFOPLIST_KEY_NSHumanReadableCopyright = "";
				LD_RUNPATH_SEARCH_PATHS = (
					"$(inherited)",
					"@executable_path/../Frameworks",
				);
				MARKETING_VERSION = 1.0;
				PRODUCT_BUNDLE_IDENTIFIER = "dev.xeraph.VSCode-Profile-Manager";
				PRODUCT_NAME = "$(TARGET_NAME)";
				SWIFT_EMIT_LOC_STRINGS = YES;
				SWIFT_VERSION = 5.0;
			};
			name = Release;
		};
/* End XCBuildConfiguration section */

/* Begin XCConfigurationList section */
		FA90F3F7294CBC10005CC567 /* Build configuration list for PBXProject "VSCode Profile Manager" */ = {
			isa = XCConfigurationList;
			buildConfigurations = (
				FA90F409294CBC12005CC567 /* Debug */,
				FA90F40A294CBC12005CC567 /* Release */,
			);
			defaultConfigurationIsVisible = 0;
			defaultConfigurationName = Release;
		};
		FA90F40B294CBC12005CC567 /* Build configuration list for PBXNativeTarget "VSCode Profile Manager" */ = {
			isa = XCConfigurationList;
			buildConfigurations = (
				FA90F40C294CBC12005CC567 /* Debug */,
				FA90F40D294CBC12005CC567 /* Release */,
			);
			defaultConfigurationIsVisible = 0;
			defaultConfigurationName = Release;
		};
/* End XCConfigurationList section */

/* Begin XCRemoteSwiftPackageReference section */
		FA90F40E294CBC70005CC567 /* XCRemoteSwiftPackageReference "SwiftDate" */ = {
			isa = XCRemoteSwiftPackageReference;
			repositoryURL = "https://github.com/malcommac/SwiftDate";
			requirement = {
				kind = upToNextMajorVersion;
				minimumVersion = 7.0.0;
			};
		};
		FA90F411294CBC8A005CC567 /* XCRemoteSwiftPackageReference "AnyCodable" */ = {
			isa = XCRemoteSwiftPackageReference;
			repositoryURL = "https://github.com/Flight-School/AnyCodable";
			requirement = {
				kind = upToNextMajorVersion;
				minimumVersion = 0.6.7;
			};
		};
		FA90F433294D026B005CC567 /* XCRemoteSwiftPackageReference "FileKit" */ = {
			isa = XCRemoteSwiftPackageReference;
			repositoryURL = "https://github.com/nvzqz/FileKit";
			requirement = {
				kind = upToNextMajorVersion;
				minimumVersion = 6.0.0;
			};
		};
		FAF2638C294FCB8800242D14 /* XCRemoteSwiftPackageReference "SQLite" */ = {
			isa = XCRemoteSwiftPackageReference;
			repositoryURL = "https://github.com/stephencelis/SQLite.swift";
			requirement = {
				kind = upToNextMajorVersion;
				minimumVersion = 0.9.2;
			};
		};
/* End XCRemoteSwiftPackageReference section */

/* Begin XCSwiftPackageProductDependency section */
		FA90F40F294CBC70005CC567 /* SwiftDate */ = {
			isa = XCSwiftPackageProductDependency;
			package = FA90F40E294CBC70005CC567 /* XCRemoteSwiftPackageReference "SwiftDate" */;
			productName = SwiftDate;
		};
		FA90F412294CBC8A005CC567 /* AnyCodable */ = {
			isa = XCSwiftPackageProductDependency;
			package = FA90F411294CBC8A005CC567 /* XCRemoteSwiftPackageReference "AnyCodable" */;
			productName = AnyCodable;
		};
		FA90F434294D026B005CC567 /* FileKit */ = {
			isa = XCSwiftPackageProductDependency;
			package = FA90F433294D026B005CC567 /* XCRemoteSwiftPackageReference "FileKit" */;
			productName = FileKit;
		};
		FAF2638D294FCB8800242D14 /* SQLite */ = {
			isa = XCSwiftPackageProductDependency;
			package = FAF2638C294FCB8800242D14 /* XCRemoteSwiftPackageReference "SQLite" */;
			productName = SQLite;
		};
/* End XCSwiftPackageProductDependency section */
	};
	rootObject = FA90F3F4294CBC10005CC567 /* Project object */;
}
